
Microsoft Visual Studio Solution File, Format Version 12.00
#
Project("{2150E333-8FDC-42A3-9474-1A3956D46DE8}") = "src", "src", "{A0DAD285-4FDF-4DAF-9675-E36FE18ECAE2}"
EndProject
Project("{2150E333-8FDC-42A3-9474-1A3956D46DE8}") = "Host", "Host", "{FA46D465-2ED4-47F1-85E7-EC4A4826E0A0}"
EndProject
Project("{FAE04EC0-301F-11D3-BF4B-00C04F79EFBC}") = "ModularMonolith.Host", "src\Host\ModularMonolith.Host\ModularMonolith.Host.csproj", "{5CB2FCAA-9FCB-4716-81F1-BC8B39451DE2}"
EndProject
Project("{2150E333-8FDC-42A3-9474-1A3956D46DE8}") = "Modules", "Modules", "{869D39F4-EB67-4B6A-9795-DF9293088311}"
EndProject
Project("{2150E333-8FDC-42A3-9474-1A3956D46DE8}") = "Customer", "Customer", "{1180732D-4E46-42B7-B0C4-D23F403017DE}"
EndProject
Project("{FAE04EC0-301F-11D3-BF4B-00C04F79EFBC}") = "Customer.Contracts", "src\Modules\Customer\Customer.Contracts\Customer.Contracts.csproj", "{C8F44C57-BF74-4CBA-83AA-0EE3714AAD3A}"
EndProject
Project("{FAE04EC0-301F-11D3-BF4B-00C04F79EFBC}") = "Customer.Domain", "src\Modules\Customer\Customer.Domain\Customer.Domain.csproj", "{C59AED06-7B0F-48CD-B51B-8CCE8DD74AC2}"
EndProject
Project("{FAE04EC0-301F-11D3-BF4B-00C04F79EFBC}") = "Customer.Infrastructure", "src\Modules\Customer\Customer.Infrastructure\Customer.Infrastructure.csproj", "{392D6C41-003C-4683-A093-A76EE101BA15}"
EndProject
Project("{2150E333-8FDC-42A3-9474-1A3956D46DE8}") = "LoanApplication", "LoanApplication", "{17E6ADF6-53E1-43AD-8BF9-08A9B672BB89}"
EndProject
Project("{FAE04EC0-301F-11D3-BF4B-00C04F79EFBC}") = "LoanApplication.Contracts", "src\Modules\LoanApplication\LoanApplication.Contracts\LoanApplication.Contracts.csproj", "{653E87B0-D8AD-4D46-924A-6DD6E9D16C0B}"
EndProject
Project("{FAE04EC0-301F-11D3-BF4B-00C04F79EFBC}") = "LoanApplication.Domain", "src\Modules\LoanApplication\LoanApplication.Domain\LoanApplication.Domain.csproj", "{851BBF8E-CA21-4E0D-968C-DBB3C5C9CE3A}"
EndProject
Project("{FAE04EC0-301F-11D3-BF4B-00C04F79EFBC}") = "LoanApplication.Infrastructure", "src\Modules\LoanApplication\LoanApplication.Infrastructure\LoanApplication.Infrastructure.csproj", "{7B5A6E06-CC18-4D1A-8292-537CB80AB557}"
EndProject
Project("{2150E333-8FDC-42A3-9474-1A3956D46DE8}") = "tests", "tests", "{78AEA1EB-1562-4B5F-81AC-F4644FE0A7D8}"
EndProject
Project("{FAE04EC0-301F-11D3-BF4B-00C04F79EFBC}") = "ArchTests", "tests\ArchTests\ArchTests.csproj", "{1B3B4360-DFFB-45B5-BCA6-81E660C3225E}"
EndProject
Global
	GlobalSection(SolutionConfigurationPlatforms) = preSolution
		Debug|Any CPU = Debug|Any CPU
		Release|Any CPU = Release|Any CPU
	EndGlobalSection
	GlobalSection(ProjectConfigurationPlatforms) = postSolution
		{5CB2FCAA-9FCB-4716-81F1-BC8B39451DE2}.Debug|Any CPU.ActiveCfg = Debug|Any CPU
		{5CB2FCAA-9FCB-4716-81F1-BC8B39451DE2}.Debug|Any CPU.Build.0 = Debug|Any CPU
		{5CB2FCAA-9FCB-4716-81F1-BC8B39451DE2}.Release|Any CPU.ActiveCfg = Release|Any CPU
		{5CB2FCAA-9FCB-4716-81F1-BC8B39451DE2}.Release|Any CPU.Build.0 = Release|Any CPU
		{C8F44C57-BF74-4CBA-83AA-0EE3714AAD3A}.Debug|Any CPU.ActiveCfg = Debug|Any CPU
		{C8F44C57-BF74-4CBA-83AA-0EE3714AAD3A}.Debug|Any CPU.Build.0 = Debug|Any CPU
		{C8F44C57-BF74-4CBA-83AA-0EE3714AAD3A}.Release|Any CPU.ActiveCfg = Release|Any CPU
		{C8F44C57-BF74-4CBA-83AA-0EE3714AAD3A}.Release|Any CPU.Build.0 = Release|Any CPU
		{C59AED06-7B0F-48CD-B51B-8CCE8DD74AC2}.Debug|Any CPU.ActiveCfg = Debug|Any CPU
		{C59AED06-7B0F-48CD-B51B-8CCE8DD74AC2}.Debug|Any CPU.Build.0 = Debug|Any CPU
		{C59AED06-7B0F-48CD-B51B-8CCE8DD74AC2}.Release|Any CPU.ActiveCfg = Release|Any CPU
		{C59AED06-7B0F-48CD-B51B-8CCE8DD74AC2}.Release|Any CPU.Build.0 = Release|Any CPU
		{392D6C41-003C-4683-A093-A76EE101BA15}.Debug|Any CPU.ActiveCfg = Debug|Any CPU
		{392D6C41-003C-4683-A093-A76EE101BA15}.Debug|Any CPU.Build.0 = Debug|Any CPU
		{392D6C41-003C-4683-A093-A76EE101BA15}.Release|Any CPU.ActiveCfg = Release|Any CPU
		{392D6C41-003C-4683-A093-A76EE101BA15}.Release|Any CPU.Build.0 = Release|Any CPU
		{653E87B0-D8AD-4D46-924A-6DD6E9D16C0B}.Debug|Any CPU.ActiveCfg = Debug|Any CPU
		{653E87B0-D8AD-4D46-924A-6DD6E9D16C0B}.Debug|Any CPU.Build.0 = Debug|Any CPU
		{653E87B0-D8AD-4D46-924A-6DD6E9D16C0B}.Release|Any CPU.ActiveCfg = Release|Any CPU
		{653E87B0-D8AD-4D46-924A-6DD6E9D16C0B}.Release|Any CPU.Build.0 = Release|Any CPU
		{851BBF8E-CA21-4E0D-968C-DBB3C5C9CE3A}.Debug|Any CPU.ActiveCfg = Debug|Any CPU
		{851BBF8E-CA21-4E0D-968C-DBB3C5C9CE3A}.Debug|Any CPU.Build.0 = Debug|Any CPU
		{851BBF8E-CA21-4E0D-968C-DBB3C5C9CE3A}.Release|Any CPU.ActiveCfg = Release|Any CPU
		{851BBF8E-CA21-4E0D-968C-DBB3C5C9CE3A}.Release|Any CPU.Build.0 = Release|Any CPU
		{7B5A6E06-CC18-4D1A-8292-537CB80AB557}.Debug|Any CPU.ActiveCfg = Debug|Any CPU
		{7B5A6E06-CC18-4D1A-8292-537CB80AB557}.Debug|Any CPU.Build.0 = Debug|Any CPU
		{7B5A6E06-CC18-4D1A-8292-537CB80AB557}.Release|Any CPU.ActiveCfg = Release|Any CPU
		{7B5A6E06-CC18-4D1A-8292-537CB80AB557}.Release|Any CPU.Build.0 = Release|Any CPU
		{1B3B4360-DFFB-45B5-BCA6-81E660C3225E}.Debug|Any CPU.ActiveCfg = Debug|Any CPU
		{1B3B4360-DFFB-45B5-BCA6-81E660C3225E}.Debug|Any CPU.Build.0 = Debug|Any CPU
		{1B3B4360-DFFB-45B5-BCA6-81E660C3225E}.Release|Any CPU.ActiveCfg = Release|Any CPU
		{1B3B4360-DFFB-45B5-BCA6-81E660C3225E}.Release|Any CPU.Build.0 = Release|Any CPU
	EndGlobalSection
	GlobalSection(NestedProjects) = preSolution
		{FA46D465-2ED4-47F1-85E7-EC4A4826E0A0} = {A0DAD285-4FDF-4DAF-9675-E36FE18ECAE2}
		{5CB2FCAA-9FCB-4716-81F1-BC8B39451DE2} = {FA46D465-2ED4-47F1-85E7-EC4A4826E0A0}
		{869D39F4-EB67-4B6A-9795-DF9293088311} = {A0DAD285-4FDF-4DAF-9675-E36FE18ECAE2}
		{1180732D-4E46-42B7-B0C4-D23F403017DE} = {869D39F4-EB67-4B6A-9795-DF9293088311}
		{C8F44C57-BF74-4CBA-83AA-0EE3714AAD3A} = {1180732D-4E46-42B7-B0C4-D23F403017DE}
		{C59AED06-7B0F-48CD-B51B-8CCE8DD74AC2} = {1180732D-4E46-42B7-B0C4-D23F403017DE}
		{392D6C41-003C-4683-A093-A76EE101BA15} = {1180732D-4E46-42B7-B0C4-D23F403017DE}
		{17E6ADF6-53E1-43AD-8BF9-08A9B672BB89} = {869D39F4-EB67-4B6A-9795-DF9293088311}
		{653E87B0-D8AD-4D46-924A-6DD6E9D16C0B} = {17E6ADF6-53E1-43AD-8BF9-08A9B672BB89}
		{851BBF8E-CA21-4E0D-968C-DBB3C5C9CE3A} = {17E6ADF6-53E1-43AD-8BF9-08A9B672BB89}
		{7B5A6E06-CC18-4D1A-8292-537CB80AB557} = {17E6ADF6-53E1-43AD-8BF9-08A9B672BB89}
		{1B3B4360-DFFB-45B5-BCA6-81E660C3225E} = {78AEA1EB-1562-4B5F-81AC-F4644FE0A7D8}
	EndGlobalSection
EndGlobal
